
Microsoft Visual Studio Solution File, Format Version 12.00
# Visual Studio Version 17
VisualStudioVersion = 17.12.35521.163 d17.12
MinimumVisualStudioVersion = 10.0.40219.1
Project("{FAE04EC0-301F-11D3-BF4B-00C04F79EFBC}") = "Examen-Mvvm", "Examen-Mvvm.csproj", "{FC960058-1C30-4D13-B36C-E962328B9409}"
EndProject
Global
	GlobalSection(SolutionConfigurationPlatforms) = preSolution
		Debug|Any CPU = Debug|Any CPU
		Release|Any CPU = Release|Any CPU
	EndGlobalSection
	GlobalSection(ProjectConfigurationPlatforms) = postSolution
		{FC960058-1C30-4D13-B36C-E962328B9409}.Debug|Any CPU.ActiveCfg = Debug|Any CPU
		{FC960058-1C30-4D13-B36C-E962328B9409}.Debug|Any CPU.Build.0 = Debug|Any CPU
		{FC960058-1C30-4D13-B36C-E962328B9409}.Release|Any CPU.ActiveCfg = Release|Any CPU
		{FC960058-1C30-4D13-B36C-E962328B9409}.Release|Any CPU.Build.0 = Release|Any CPU
	EndGlobalSection
	GlobalSection(SolutionProperties) = preSolution
		HideSolutionNode = FALSE
	EndGlobalSection
EndGlobal
